{
    "version": 3,
    "terraform_version": "0.11.13",
    "serial": 4,
    "lineage": "514c4808-3584-8049-b96c-0c9da7bce2c1",
    "modules": [
        {
            "path": [
                "root"
            ],
            "outputs": {
                "gke_cluster_endpoint": {
                    "sensitive": false,
                    "type": "string",
                    "value": "172.16.0.2"
                }
            },
            "resources": {},
            "depends_on": []
        },
        {
            "path": [
                "root",
                "gke_cluster"
            ],
            "outputs": {
                "cluster_endpoint": {
                    "sensitive": false,
                    "type": "string",
                    "value": "172.16.0.2"
                }
            },
            "resources": {
                "google_container_cluster.gke_cluster": {
                    "type": "google_container_cluster",
                    "depends_on": [],
                    "primary": {
                        "id": "panw-demo-gke",
                        "attributes": {
                            "additional_zones.#": "3",
                            "additional_zones.1988413740": "us-east1-d",
                            "additional_zones.551448234": "us-east1-b",
                            "additional_zones.969236459": "us-east1-c",
                            "addons_config.#": "1",
                            "addons_config.0.horizontal_pod_autoscaling.#": "0",
                            "addons_config.0.http_load_balancing.#": "0",
                            "addons_config.0.kubernetes_dashboard.#": "1",
                            "addons_config.0.kubernetes_dashboard.0.disabled": "true",
                            "addons_config.0.network_policy_config.#": "1",
                            "addons_config.0.network_policy_config.0.disabled": "true",
                            "cluster_autoscaling.#": "0",
                            "cluster_ipv4_cidr": "10.60.0.0/14",
                            "description": "",
                            "enable_kubernetes_alpha": "false",
                            "enable_legacy_abac": "false",
                            "endpoint": "172.16.0.2",
                            "id": "panw-demo-gke",
                            "initial_node_count": "1",
                            "instance_group_urls.#": "0",
                            "ip_allocation_policy.#": "1",
                            "ip_allocation_policy.0.cluster_ipv4_cidr_block": "10.60.0.0/14",
                            "ip_allocation_policy.0.cluster_secondary_range_name": "gke-panw-demo-gke-pods-3bacb507",
                            "ip_allocation_policy.0.create_subnetwork": "false",
                            "ip_allocation_policy.0.node_ipv4_cidr_block": "",
                            "ip_allocation_policy.0.services_ipv4_cidr_block": "10.0.0.0/20",
                            "ip_allocation_policy.0.services_secondary_range_name": "gke-panw-demo-gke-services-3bacb507",
                            "ip_allocation_policy.0.subnetwork_name": "",
                            "ip_allocation_policy.0.use_ip_aliases": "true",
                            "location": "us-east1",
                            "logging_service": "logging.googleapis.com",
                            "maintenance_policy.#": "0",
                            "master_auth.#": "1",
                            "master_auth.0.client_certificate": "",
                            "master_auth.0.client_certificate_config.#": "1",
                            "master_auth.0.client_certificate_config.0.issue_client_certificate": "false",
                            "master_auth.0.client_key": "",
                            "master_auth.0.cluster_ca_certificate": "LS0tLS1CRUdJTiBDRVJUSUZJQ0FURS0tLS0tCk1JSURDekNDQWZPZ0F3SUJBZ0lRUWhhVXhINDk0SDRJU1VTb0kvWVh1REFOQmdrcWhraUc5dzBCQVFzRkFEQXYKTVMwd0t3WURWUVFERXlRME5EUTVZVE00TVMxaE5UWXpMVFJqTlRJdFltRTRZUzFsWVRsaU9XSTBaVFpqTkRRdwpIaGNOTVRrd05ETXdNRFUwT1RRMVdoY05NalF3TkRJNE1EWTBPVFExV2pBdk1TMHdLd1lEVlFRREV5UTBORFE1CllUTTRNUzFoTlRZekxUUmpOVEl0WW1FNFlTMWxZVGxpT1dJMFpUWmpORFF3Z2dFaU1BMEdDU3FHU0liM0RRRUIKQVFVQUE0SUJEd0F3Z2dFS0FvSUJBUUNoT0tpSmRHSXJ4L1NHYndmSFNxamoyVkhJVyt5U0I3U3kraHpRU25neApZV3A1bE0wNmMwd2pJOFI2S3VVbVUrdG5IVXlhYWJ1SlJmckF1Tll1TWRzZ2orLzV6aHNGM1VnRzIyNnBTaHhICllqbW1FMlZyRVl1bmRWM0Y2Vlc5UFRReEZNNWFwSEhISXFqWDVwS3YzMlo4eUlwT3RvMkNpSFk2UVVKVTB6bEsKRjRqT1FmYW9YWDN2aHhWd1NvZTdhUkEvbkg1RmlYVTFaTWpacmhKQndWdW1lMEtIWXNnd3pKclRPcGg3eXZ5ZQpaWFJ3Ums4dmJ6ck1oYlNhNWl4MzlVVVhWYUJ0aEdMVVZ5RlNyUEZPd1F0Z1dROVNHVy96VXltRkVFUVZkTWFXCjdITkxmMlZPSjBEeG9FUlMzVXRWYXd3eHM5bkFhTVpEbjB3aEtSVG9jeTFQQWdNQkFBR2pJekFoTUE0R0ExVWQKRHdFQi93UUVBd0lDQkRBUEJnTlZIUk1CQWY4RUJUQURBUUgvTUEwR0NTcUdTSWIzRFFFQkN3VUFBNElCQVFCeQpoZzlmUi9aVUkvNEZNdGlEYjJxOVoveEY0T3NFTGVjdzhsNlBFWnNsNGNYZnltMTdPd0ZIZkhuOUVxVTN3TWdyCm9lSXNHdGltUDU3Znp6dW1LenN3S2t6OVQ3bmJ3WFg2cE1WdDFYWkRDS09DaFRFQ2RHKzJCK0pNVTRyNEJTazkKMGdtVEpOT0xLVGcyc1kzQm1mTURNR1JjbFJBSmxMbzkzc1MraEk1R2FYKzNTNmtIZXNISU9IcmRidk1RUHpkZAp0dVl0c3pkeFRQdHNhUXVzcjUya3pDMnJXREc0KzZCM3llUFdtS2p1a2NVbGhpL3piODh6SE9TUloybEtBUGVQCnhGVTF6NG1hR1RhMTQyRTZEcDMxNnBXYkMwaEsrK1kxRkd3OVFPMERQSGxjU0FqNzNRS3NONTVHNFNrbzFRSW8KRFpNSWtCU0FUS1o2c1NFRlFyYzMKLS0tLS1FTkQgQ0VSVElGSUNBVEUtLS0tLQo=",
                            "master_auth.0.password": "",
                            "master_auth.0.username": "",
                            "master_authorized_networks_config.#": "1",
                            "master_authorized_networks_config.0.cidr_blocks.#": "1",
                            "master_authorized_networks_config.0.cidr_blocks.3118277171.cidr_block": "10.138.0.0/20",
                            "master_authorized_networks_config.0.cidr_blocks.3118277171.display_name": "Master Authorized network",
                            "master_version": "1.12.7-gke.10",
                            "min_master_version": "1.12.7-gke.10",
                            "monitoring_service": "monitoring.googleapis.com",
                            "name": "panw-demo-gke",
                            "network": "projects/venky-cicd/global/networks/default",
                            "network_policy.#": "1",
                            "network_policy.0.enabled": "false",
                            "network_policy.0.provider": "PROVIDER_UNSPECIFIED",
                            "node_config.#": "0",
                            "node_locations.#": "3",
                            "node_locations.1988413740": "us-east1-d",
                            "node_locations.551448234": "us-east1-b",
                            "node_locations.969236459": "us-east1-c",
                            "node_pool.#": "0",
                            "node_version": "1.12.7-gke.10",
                            "private_cluster_config.#": "1",
                            "private_cluster_config.0.enable_private_endpoint": "true",
                            "private_cluster_config.0.enable_private_nodes": "true",
                            "private_cluster_config.0.master_ipv4_cidr_block": "172.16.0.0/28",
                            "private_cluster_config.0.private_endpoint": "172.16.0.2",
                            "private_cluster_config.0.public_endpoint": "35.229.77.71",
                            "project": "venky-cicd",
                            "region": "us-east1",
                            "remove_default_node_pool": "true",
                            "resource_labels.%": "0",
                            "subnetwork": "projects/venky-cicd/regions/us-east1/subnetworks/default"
                        },
                        "meta": {
                            "e2bfb730-ecaa-11e6-8f88-34363bc7c4c0": {
                                "create": 1800000000000,
                                "delete": 1800000000000,
                                "update": 1800000000000
                            },
                            "schema_version": "1"
                        },
                        "tainted": false
                    },
                    "deposed": [],
                    "provider": "provider.google"
                },
                "google_container_node_pool.gke_cluster_pool": {
                    "type": "google_container_node_pool",
                    "depends_on": [
                        "google_container_cluster.gke_cluster"
                    ],
                    "primary": {
                        "id": "us-east1/panw-demo-gke/pnaw-demo-gke-nodes",
                        "attributes": {
                            "autoscaling.#": "1",
                            "autoscaling.0.max_node_count": "6",
                            "autoscaling.0.min_node_count": "3",
                            "cluster": "panw-demo-gke",
                            "id": "us-east1/panw-demo-gke/pnaw-demo-gke-nodes",
                            "initial_node_count": "1",
                            "instance_group_urls.#": "3",
                            "instance_group_urls.0": "https://www.googleapis.com/compute/v1/projects/venky-cicd/zones/us-east1-d/instanceGroupManagers/gke-panw-demo-gke-pnaw-demo-gke-nodes-6e65183d-grp",
                            "instance_group_urls.1": "https://www.googleapis.com/compute/v1/projects/venky-cicd/zones/us-east1-c/instanceGroupManagers/gke-panw-demo-gke-pnaw-demo-gke-nodes-b7cd070c-grp",
                            "instance_group_urls.2": "https://www.googleapis.com/compute/v1/projects/venky-cicd/zones/us-east1-b/instanceGroupManagers/gke-panw-demo-gke-pnaw-demo-gke-nodes-3ed5a4fd-grp",
                            "location": "us-east1",
                            "management.#": "1",
                            "management.0.auto_repair": "true",
                            "management.0.auto_upgrade": "true",
                            "name": "pnaw-demo-gke-nodes",
                            "name_prefix": "",
                            "node_config.#": "1",
                            "node_config.0.disk_size_gb": "100",
                            "node_config.0.disk_type": "pd-standard",
                            "node_config.0.guest_accelerator.#": "0",
                            "node_config.0.image_type": "COS",
                            "node_config.0.labels.%": "0",
                            "node_config.0.local_ssd_count": "0",
                            "node_config.0.machine_type": "n1-standard-2",
                            "node_config.0.metadata.%": "1",
                            "node_config.0.metadata.disable-legacy-endpoints": "true",
                            "node_config.0.min_cpu_platform": "",
                            "node_config.0.oauth_scopes.#": "4",
                            "node_config.0.oauth_scopes.1277378754": "https://www.googleapis.com/auth/monitoring",
                            "node_config.0.oauth_scopes.1632638332": "https://www.googleapis.com/auth/devstorage.read_only",
                            "node_config.0.oauth_scopes.172152165": "https://www.googleapis.com/auth/logging.write",
                            "node_config.0.oauth_scopes.299962681": "https://www.googleapis.com/auth/compute",
                            "node_config.0.preemptible": "false",
                            "node_config.0.service_account": "default",
                            "node_config.0.tags.#": "2",
                            "node_config.0.tags.0": "panw-demo-gke-cluster",
                            "node_config.0.tags.1": "nodes",
                            "node_config.0.taint.#": "0",
                            "node_config.0.workload_metadata_config.#": "0",
                            "node_count": "1",
                            "project": "venky-cicd",
                            "region": "us-east1",
                            "version": "1.12.7-gke.10"
                        },
                        "meta": {
                            "e2bfb730-ecaa-11e6-8f88-34363bc7c4c0": {
                                "create": 1800000000000,
                                "delete": 600000000000,
                                "update": 600000000000
                            },
                            "schema_version": "1"
                        },
                        "tainted": false
                    },
                    "deposed": [],
                    "provider": "provider.google"
                },
                "null_resource.deployment": {
                    "type": "null_resource",
                    "depends_on": [
                        "google_container_cluster.gke_cluster"
                    ],
                    "primary": {
                        "id": "1647433959078796205",
                        "attributes": {
                            "id": "1647433959078796205",
                            "triggers.%": "1",
                            "triggers.id": "panw-demo-gke"
                        },
                        "meta": {},
                        "tainted": false
                    },
                    "deposed": [],
                    "provider": "provider.null"
                }
            },
            "depends_on": []
        }
    ]
}
